
Microsoft Visual Studio Solution File, Format Version 12.00
Project("{2150E333-8FDC-42A3-9474-1A3956D46DE8}") = "src", "src", "{3CFE09F4-33F0-4E12-B46D-F361733ACD72}"
EndProject
Project("{2150E333-8FDC-42A3-9474-1A3956D46DE8}") = "tests", "tests", "{0AF2506F-0AB3-4035-84CF-AA27B19571D0}"
EndProject
Project("{FAE04EC0-301F-11D3-BF4B-00C04F79EFBC}") = "Host", "src\Host\Host.csproj", "{3ED0D6BC-BCC3-459F-9506-CEF51B71FC21}"
EndProject
Project("{FAE04EC0-301F-11D3-BF4B-00C04F79EFBC}") = "Domain", "src\Domain\Domain.csproj", "{3B2D33F5-41B6-44E6-944C-605A6A39222D}"
EndProject
Project("{FAE04EC0-301F-11D3-BF4B-00C04F79EFBC}") = "Application", "src\Application\Application.csproj", "{9481DC0B-3E32-4C74-8482-F93746068764}"
EndProject
Project("{FAE04EC0-301F-11D3-BF4B-00C04F79EFBC}") = "Infrastructure", "src\Infrastructure\Infrastructure.csproj", "{793CFBFB-4902-4D56-9932-6F023BC29883}"
EndProject
Project("{FAE04EC0-301F-11D3-BF4B-00C04F79EFBC}") = "Server", "src\Server\Server.csproj", "{0BA6EB59-85C3-43CD-BE9A-851044370785}"
EndProject
Project("{2150E333-8FDC-42A3-9474-1A3956D46DE8}") = "performance", "performance", "{163CA09F-CF64-4D02-894F-C700584DD1DD}"
EndProject
Project("{2150E333-8FDC-42A3-9474-1A3956D46DE8}") = "unit", "unit", "{55E95A66-7B79-448F-B45B-DDBD85C7FAD5}"
EndProject
Project("{2150E333-8FDC-42A3-9474-1A3956D46DE8}") = "integration", "integration", "{ECD3303D-7373-4824-9DA8-C94C218CA318}"
EndProject
Project("{FAE04EC0-301F-11D3-BF4B-00C04F79EFBC}") = "Worker", "src\Worker\Worker.csproj", "{DE3D5D8B-FC62-41FD-B0FB-896E4D64293A}"
EndProject
Project("{2150E333-8FDC-42A3-9474-1A3956D46DE8}") = "Solution Items", "Solution Items", "{22FA7BB9-56C8-4637-81E4-4D7E49E2CD72}"
	ProjectSection(SolutionItems) = preProject
		docker-compose.yml = docker-compose.yml
	EndProjectSection
EndProject
Project("{2150E333-8FDC-42A3-9474-1A3956D46DE8}") = "migrators", "migrators", "{F455F295-C016-4F9C-B69C-3BAA9D823E6B}"
EndProject
Project("{FAE04EC0-301F-11D3-BF4B-00C04F79EFBC}") = "Migrations.SqlServer", "src\Migrations.SqlServer\Migrations.SqlServer.csproj", "{0E6AD269-7904-49D2-8438-54F56B8B25D0}"
EndProject
Project("{FAE04EC0-301F-11D3-BF4B-00C04F79EFBC}") = "Migrations.Sqlite", "src\Migrations.Sqlite\Migrations.Sqlite.csproj", "{27671A2B-2B68-43BC-B28A-F6602BC33426}"
EndProject
Global
	GlobalSection(SolutionConfigurationPlatforms) = preSolution
		Debug|Any CPU = Debug|Any CPU
		Release|Any CPU = Release|Any CPU
	EndGlobalSection
	GlobalSection(NestedProjects) = preSolution
		{3ED0D6BC-BCC3-459F-9506-CEF51B71FC21} = {3CFE09F4-33F0-4E12-B46D-F361733ACD72}
		{3B2D33F5-41B6-44E6-944C-605A6A39222D} = {3CFE09F4-33F0-4E12-B46D-F361733ACD72}
		{9481DC0B-3E32-4C74-8482-F93746068764} = {3CFE09F4-33F0-4E12-B46D-F361733ACD72}
		{793CFBFB-4902-4D56-9932-6F023BC29883} = {3CFE09F4-33F0-4E12-B46D-F361733ACD72}
		{0BA6EB59-85C3-43CD-BE9A-851044370785} = {3CFE09F4-33F0-4E12-B46D-F361733ACD72}
		{163CA09F-CF64-4D02-894F-C700584DD1DD} = {0AF2506F-0AB3-4035-84CF-AA27B19571D0}
		{55E95A66-7B79-448F-B45B-DDBD85C7FAD5} = {0AF2506F-0AB3-4035-84CF-AA27B19571D0}
		{ECD3303D-7373-4824-9DA8-C94C218CA318} = {0AF2506F-0AB3-4035-84CF-AA27B19571D0}
		{DE3D5D8B-FC62-41FD-B0FB-896E4D64293A} = {3CFE09F4-33F0-4E12-B46D-F361733ACD72}
		{F455F295-C016-4F9C-B69C-3BAA9D823E6B} = {3CFE09F4-33F0-4E12-B46D-F361733ACD72}
		{0E6AD269-7904-49D2-8438-54F56B8B25D0} = {F455F295-C016-4F9C-B69C-3BAA9D823E6B}
		{27671A2B-2B68-43BC-B28A-F6602BC33426} = {F455F295-C016-4F9C-B69C-3BAA9D823E6B}
	EndGlobalSection
	GlobalSection(ProjectConfigurationPlatforms) = postSolution
		{3ED0D6BC-BCC3-459F-9506-CEF51B71FC21}.Debug|Any CPU.ActiveCfg = Debug|Any CPU
		{3ED0D6BC-BCC3-459F-9506-CEF51B71FC21}.Debug|Any CPU.Build.0 = Debug|Any CPU
		{3ED0D6BC-BCC3-459F-9506-CEF51B71FC21}.Release|Any CPU.ActiveCfg = Release|Any CPU
		{3ED0D6BC-BCC3-459F-9506-CEF51B71FC21}.Release|Any CPU.Build.0 = Release|Any CPU
		{3B2D33F5-41B6-44E6-944C-605A6A39222D}.Debug|Any CPU.ActiveCfg = Debug|Any CPU
		{3B2D33F5-41B6-44E6-944C-605A6A39222D}.Debug|Any CPU.Build.0 = Debug|Any CPU
		{3B2D33F5-41B6-44E6-944C-605A6A39222D}.Release|Any CPU.ActiveCfg = Release|Any CPU
		{3B2D33F5-41B6-44E6-944C-605A6A39222D}.Release|Any CPU.Build.0 = Release|Any CPU
		{9481DC0B-3E32-4C74-8482-F93746068764}.Debug|Any CPU.ActiveCfg = Debug|Any CPU
		{9481DC0B-3E32-4C74-8482-F93746068764}.Debug|Any CPU.Build.0 = Debug|Any CPU
		{9481DC0B-3E32-4C74-8482-F93746068764}.Release|Any CPU.ActiveCfg = Release|Any CPU
		{9481DC0B-3E32-4C74-8482-F93746068764}.Release|Any CPU.Build.0 = Release|Any CPU
		{793CFBFB-4902-4D56-9932-6F023BC29883}.Debug|Any CPU.ActiveCfg = Debug|Any CPU
		{793CFBFB-4902-4D56-9932-6F023BC29883}.Debug|Any CPU.Build.0 = Debug|Any CPU
		{793CFBFB-4902-4D56-9932-6F023BC29883}.Release|Any CPU.ActiveCfg = Release|Any CPU
		{793CFBFB-4902-4D56-9932-6F023BC29883}.Release|Any CPU.Build.0 = Release|Any CPU
		{0BA6EB59-85C3-43CD-BE9A-851044370785}.Debug|Any CPU.ActiveCfg = Debug|Any CPU
		{0BA6EB59-85C3-43CD-BE9A-851044370785}.Debug|Any CPU.Build.0 = Debug|Any CPU
		{0BA6EB59-85C3-43CD-BE9A-851044370785}.Release|Any CPU.ActiveCfg = Release|Any CPU
		{0BA6EB59-85C3-43CD-BE9A-851044370785}.Release|Any CPU.Build.0 = Release|Any CPU
		{DE3D5D8B-FC62-41FD-B0FB-896E4D64293A}.Debug|Any CPU.ActiveCfg = Debug|Any CPU
		{DE3D5D8B-FC62-41FD-B0FB-896E4D64293A}.Debug|Any CPU.Build.0 = Debug|Any CPU
		{DE3D5D8B-FC62-41FD-B0FB-896E4D64293A}.Release|Any CPU.ActiveCfg = Release|Any CPU
		{DE3D5D8B-FC62-41FD-B0FB-896E4D64293A}.Release|Any CPU.Build.0 = Release|Any CPU
		{0E6AD269-7904-49D2-8438-54F56B8B25D0}.Debug|Any CPU.ActiveCfg = Debug|Any CPU
		{0E6AD269-7904-49D2-8438-54F56B8B25D0}.Debug|Any CPU.Build.0 = Debug|Any CPU
		{0E6AD269-7904-49D2-8438-54F56B8B25D0}.Release|Any CPU.ActiveCfg = Release|Any CPU
		{0E6AD269-7904-49D2-8438-54F56B8B25D0}.Release|Any CPU.Build.0 = Release|Any CPU
		{27671A2B-2B68-43BC-B28A-F6602BC33426}.Debug|Any CPU.ActiveCfg = Debug|Any CPU
		{27671A2B-2B68-43BC-B28A-F6602BC33426}.Debug|Any CPU.Build.0 = Debug|Any CPU
		{27671A2B-2B68-43BC-B28A-F6602BC33426}.Release|Any CPU.ActiveCfg = Release|Any CPU
		{27671A2B-2B68-43BC-B28A-F6602BC33426}.Release|Any CPU.Build.0 = Release|Any CPU
	EndGlobalSection
EndGlobal
