
Microsoft Visual Studio Solution File, Format Version 12.00
Project("{2150E333-8FDC-42A3-9474-1A3956D46DE8}") = "src", "src", "{3CFE09F4-33F0-4E12-B46D-F361733ACD72}"
EndProject
Project("{2150E333-8FDC-42A3-9474-1A3956D46DE8}") = "tests", "tests", "{0AF2506F-0AB3-4035-84CF-AA27B19571D0}"
EndProject
Project("{FAE04EC0-301F-11D3-BF4B-00C04F79EFBC}") = "Server.API.Host", "src\Server.API.Host\Server.API.Host.csproj", "{3ED0D6BC-BCC3-459F-9506-CEF51B71FC21}"
EndProject
Project("{FAE04EC0-301F-11D3-BF4B-00C04F79EFBC}") = "Server.Domain", "src\Server.Domain\Server.Domain.csproj", "{3B2D33F5-41B6-44E6-944C-605A6A39222D}"
EndProject
Project("{FAE04EC0-301F-11D3-BF4B-00C04F79EFBC}") = "Server.Application", "src\Server.Application\Server.Application.csproj", "{9481DC0B-3E32-4C74-8482-F93746068764}"
EndProject
Project("{FAE04EC0-301F-11D3-BF4B-00C04F79EFBC}") = "Server.Infrastructure", "src\Server.Infrastructure\Server.Infrastructure.csproj", "{793CFBFB-4902-4D56-9932-6F023BC29883}"
EndProject
Project("{FAE04EC0-301F-11D3-BF4B-00C04F79EFBC}") = "Server.Presentation", "src\Server.Presentation\Server.Presentation.csproj", "{0BA6EB59-85C3-43CD-BE9A-851044370785}"
EndProject
Project("{2150E333-8FDC-42A3-9474-1A3956D46DE8}") = "performance", "performance", "{163CA09F-CF64-4D02-894F-C700584DD1DD}"
EndProject
Project("{2150E333-8FDC-42A3-9474-1A3956D46DE8}") = "unit", "unit", "{55E95A66-7B79-448F-B45B-DDBD85C7FAD5}"
EndProject
Project("{2150E333-8FDC-42A3-9474-1A3956D46DE8}") = "integration", "integration", "{ECD3303D-7373-4824-9DA8-C94C218CA318}"
EndProject
Project("{FAE04EC0-301F-11D3-BF4B-00C04F79EFBC}") = "Server.Worker.Host", "src\Server.Worker.Host\Server.Worker.Host.csproj", "{DE3D5D8B-FC62-41FD-B0FB-896E4D64293A}"
EndProject
Project("{2150E333-8FDC-42A3-9474-1A3956D46DE8}") = "Solution Items", "Solution Items", "{22FA7BB9-56C8-4637-81E4-4D7E49E2CD72}"
	ProjectSection(SolutionItems) = preProject
		docker-compose.yml = docker-compose.yml
	EndProjectSection
EndProject
Project("{2150E333-8FDC-42A3-9474-1A3956D46DE8}") = "migrators", "migrators", "{F455F295-C016-4F9C-B69C-3BAA9D823E6B}"
EndProject
Project("{FAE04EC0-301F-11D3-BF4B-00C04F79EFBC}") = "Migrations.Sqlite", "src\Migrations.Sqlite\Migrations.Sqlite.csproj", "{27671A2B-2B68-43BC-B28A-F6602BC33426}"
EndProject
Project("{2150E333-8FDC-42A3-9474-1A3956D46DE8}") = "architecture", "architecture", "{6226F198-3A8F-4AEB-8625-2A03E0561398}"
EndProject
Project("{2150E333-8FDC-42A3-9474-1A3956D46DE8}") = "common", "common", "{AFA5144A-B3C5-4495-825B-22F235304758}"
EndProject
Project("{2150E333-8FDC-42A3-9474-1A3956D46DE8}") = "apps", "apps", "{2CD88C9B-DA52-4317-93E9-D40E35757F7D}"
EndProject
Project("{2150E333-8FDC-42A3-9474-1A3956D46DE8}") = "libs", "libs", "{2EBF6F14-A8D6-4D29-860F-E88DB39F60C8}"
EndProject
Project("{2150E333-8FDC-42A3-9474-1A3956D46DE8}") = "server", "server", "{753C7E14-DDF1-41D6-9E39-D2E054083718}"
EndProject
Project("{2150E333-8FDC-42A3-9474-1A3956D46DE8}") = "client", "client", "{A16A40F8-D3C2-4AE1-8AAC-379DCF0A9391}"
EndProject
Project("{FAE04EC0-301F-11D3-BF4B-00C04F79EFBC}") = "Client.App.Host", "Client.App.Host\Client.App.Host.csproj", "{1A72C8C6-7AF4-4D6A-A9A2-E3A5846FB99D}"
EndProject
Project("{FAE04EC0-301F-11D3-BF4B-00C04F79EFBC}") = "Client.Domain", "Client.Domain\Client.Domain.csproj", "{CF449DAB-6AB2-407B-958D-4B205EDB22B9}"
EndProject
Project("{FAE04EC0-301F-11D3-BF4B-00C04F79EFBC}") = "Client.Application", "Client.Application\Client.Application.csproj", "{588F80FE-BDB5-420D-AD13-CC8FFE3DBCDE}"
EndProject
Project("{FAE04EC0-301F-11D3-BF4B-00C04F79EFBC}") = "Client.Infrastructure", "Client.Infrastructure\Client.Infrastructure.csproj", "{FE073CD8-3352-4944-AC5D-65822B82BD73}"
EndProject
Project("{FAE04EC0-301F-11D3-BF4B-00C04F79EFBC}") = "Client.Presentation", "Client.Presentation\Client.Presentation.csproj", "{A797FA9D-288F-440E-A353-062DB4CFB2D3}"
EndProject
Global
	GlobalSection(SolutionConfigurationPlatforms) = preSolution
		Debug|Any CPU = Debug|Any CPU
		Release|Any CPU = Release|Any CPU
	EndGlobalSection
	GlobalSection(NestedProjects) = preSolution
		{163CA09F-CF64-4D02-894F-C700584DD1DD} = {0AF2506F-0AB3-4035-84CF-AA27B19571D0}
		{55E95A66-7B79-448F-B45B-DDBD85C7FAD5} = {0AF2506F-0AB3-4035-84CF-AA27B19571D0}
		{ECD3303D-7373-4824-9DA8-C94C218CA318} = {0AF2506F-0AB3-4035-84CF-AA27B19571D0}
		{27671A2B-2B68-43BC-B28A-F6602BC33426} = {F455F295-C016-4F9C-B69C-3BAA9D823E6B}
		{6226F198-3A8F-4AEB-8625-2A03E0561398} = {0AF2506F-0AB3-4035-84CF-AA27B19571D0}
		{AFA5144A-B3C5-4495-825B-22F235304758} = {3CFE09F4-33F0-4E12-B46D-F361733ACD72}
		{3ED0D6BC-BCC3-459F-9506-CEF51B71FC21} = {2CD88C9B-DA52-4317-93E9-D40E35757F7D}
		{DE3D5D8B-FC62-41FD-B0FB-896E4D64293A} = {2CD88C9B-DA52-4317-93E9-D40E35757F7D}
		{753C7E14-DDF1-41D6-9E39-D2E054083718} = {2EBF6F14-A8D6-4D29-860F-E88DB39F60C8}
		{9481DC0B-3E32-4C74-8482-F93746068764} = {753C7E14-DDF1-41D6-9E39-D2E054083718}
		{3B2D33F5-41B6-44E6-944C-605A6A39222D} = {753C7E14-DDF1-41D6-9E39-D2E054083718}
		{793CFBFB-4902-4D56-9932-6F023BC29883} = {753C7E14-DDF1-41D6-9E39-D2E054083718}
		{0BA6EB59-85C3-43CD-BE9A-851044370785} = {753C7E14-DDF1-41D6-9E39-D2E054083718}
		{A16A40F8-D3C2-4AE1-8AAC-379DCF0A9391} = {2EBF6F14-A8D6-4D29-860F-E88DB39F60C8}
		{1A72C8C6-7AF4-4D6A-A9A2-E3A5846FB99D} = {2CD88C9B-DA52-4317-93E9-D40E35757F7D}
		{CF449DAB-6AB2-407B-958D-4B205EDB22B9} = {A16A40F8-D3C2-4AE1-8AAC-379DCF0A9391}
		{588F80FE-BDB5-420D-AD13-CC8FFE3DBCDE} = {A16A40F8-D3C2-4AE1-8AAC-379DCF0A9391}
		{FE073CD8-3352-4944-AC5D-65822B82BD73} = {A16A40F8-D3C2-4AE1-8AAC-379DCF0A9391}
		{A797FA9D-288F-440E-A353-062DB4CFB2D3} = {A16A40F8-D3C2-4AE1-8AAC-379DCF0A9391}
	EndGlobalSection
	GlobalSection(ProjectConfigurationPlatforms) = postSolution
		{3ED0D6BC-BCC3-459F-9506-CEF51B71FC21}.Debug|Any CPU.ActiveCfg = Debug|Any CPU
		{3ED0D6BC-BCC3-459F-9506-CEF51B71FC21}.Debug|Any CPU.Build.0 = Debug|Any CPU
		{3ED0D6BC-BCC3-459F-9506-CEF51B71FC21}.Release|Any CPU.ActiveCfg = Release|Any CPU
		{3ED0D6BC-BCC3-459F-9506-CEF51B71FC21}.Release|Any CPU.Build.0 = Release|Any CPU
		{3B2D33F5-41B6-44E6-944C-605A6A39222D}.Debug|Any CPU.ActiveCfg = Debug|Any CPU
		{3B2D33F5-41B6-44E6-944C-605A6A39222D}.Debug|Any CPU.Build.0 = Debug|Any CPU
		{3B2D33F5-41B6-44E6-944C-605A6A39222D}.Release|Any CPU.ActiveCfg = Release|Any CPU
		{3B2D33F5-41B6-44E6-944C-605A6A39222D}.Release|Any CPU.Build.0 = Release|Any CPU
		{9481DC0B-3E32-4C74-8482-F93746068764}.Debug|Any CPU.ActiveCfg = Debug|Any CPU
		{9481DC0B-3E32-4C74-8482-F93746068764}.Debug|Any CPU.Build.0 = Debug|Any CPU
		{9481DC0B-3E32-4C74-8482-F93746068764}.Release|Any CPU.ActiveCfg = Release|Any CPU
		{9481DC0B-3E32-4C74-8482-F93746068764}.Release|Any CPU.Build.0 = Release|Any CPU
		{793CFBFB-4902-4D56-9932-6F023BC29883}.Debug|Any CPU.ActiveCfg = Debug|Any CPU
		{793CFBFB-4902-4D56-9932-6F023BC29883}.Debug|Any CPU.Build.0 = Debug|Any CPU
		{793CFBFB-4902-4D56-9932-6F023BC29883}.Release|Any CPU.ActiveCfg = Release|Any CPU
		{793CFBFB-4902-4D56-9932-6F023BC29883}.Release|Any CPU.Build.0 = Release|Any CPU
		{0BA6EB59-85C3-43CD-BE9A-851044370785}.Debug|Any CPU.ActiveCfg = Debug|Any CPU
		{0BA6EB59-85C3-43CD-BE9A-851044370785}.Debug|Any CPU.Build.0 = Debug|Any CPU
		{0BA6EB59-85C3-43CD-BE9A-851044370785}.Release|Any CPU.ActiveCfg = Release|Any CPU
		{0BA6EB59-85C3-43CD-BE9A-851044370785}.Release|Any CPU.Build.0 = Release|Any CPU
		{DE3D5D8B-FC62-41FD-B0FB-896E4D64293A}.Debug|Any CPU.ActiveCfg = Debug|Any CPU
		{DE3D5D8B-FC62-41FD-B0FB-896E4D64293A}.Debug|Any CPU.Build.0 = Debug|Any CPU
		{DE3D5D8B-FC62-41FD-B0FB-896E4D64293A}.Release|Any CPU.ActiveCfg = Release|Any CPU
		{DE3D5D8B-FC62-41FD-B0FB-896E4D64293A}.Release|Any CPU.Build.0 = Release|Any CPU
		{27671A2B-2B68-43BC-B28A-F6602BC33426}.Debug|Any CPU.ActiveCfg = Debug|Any CPU
		{27671A2B-2B68-43BC-B28A-F6602BC33426}.Debug|Any CPU.Build.0 = Debug|Any CPU
		{27671A2B-2B68-43BC-B28A-F6602BC33426}.Release|Any CPU.ActiveCfg = Release|Any CPU
		{27671A2B-2B68-43BC-B28A-F6602BC33426}.Release|Any CPU.Build.0 = Release|Any CPU
		{1A72C8C6-7AF4-4D6A-A9A2-E3A5846FB99D}.Debug|Any CPU.ActiveCfg = Debug|Any CPU
		{1A72C8C6-7AF4-4D6A-A9A2-E3A5846FB99D}.Debug|Any CPU.Build.0 = Debug|Any CPU
		{1A72C8C6-7AF4-4D6A-A9A2-E3A5846FB99D}.Release|Any CPU.ActiveCfg = Release|Any CPU
		{1A72C8C6-7AF4-4D6A-A9A2-E3A5846FB99D}.Release|Any CPU.Build.0 = Release|Any CPU
		{CF449DAB-6AB2-407B-958D-4B205EDB22B9}.Debug|Any CPU.ActiveCfg = Debug|Any CPU
		{CF449DAB-6AB2-407B-958D-4B205EDB22B9}.Debug|Any CPU.Build.0 = Debug|Any CPU
		{CF449DAB-6AB2-407B-958D-4B205EDB22B9}.Release|Any CPU.ActiveCfg = Release|Any CPU
		{CF449DAB-6AB2-407B-958D-4B205EDB22B9}.Release|Any CPU.Build.0 = Release|Any CPU
		{588F80FE-BDB5-420D-AD13-CC8FFE3DBCDE}.Debug|Any CPU.ActiveCfg = Debug|Any CPU
		{588F80FE-BDB5-420D-AD13-CC8FFE3DBCDE}.Debug|Any CPU.Build.0 = Debug|Any CPU
		{588F80FE-BDB5-420D-AD13-CC8FFE3DBCDE}.Release|Any CPU.ActiveCfg = Release|Any CPU
		{588F80FE-BDB5-420D-AD13-CC8FFE3DBCDE}.Release|Any CPU.Build.0 = Release|Any CPU
		{FE073CD8-3352-4944-AC5D-65822B82BD73}.Debug|Any CPU.ActiveCfg = Debug|Any CPU
		{FE073CD8-3352-4944-AC5D-65822B82BD73}.Debug|Any CPU.Build.0 = Debug|Any CPU
		{FE073CD8-3352-4944-AC5D-65822B82BD73}.Release|Any CPU.ActiveCfg = Release|Any CPU
		{FE073CD8-3352-4944-AC5D-65822B82BD73}.Release|Any CPU.Build.0 = Release|Any CPU
		{A797FA9D-288F-440E-A353-062DB4CFB2D3}.Debug|Any CPU.ActiveCfg = Debug|Any CPU
		{A797FA9D-288F-440E-A353-062DB4CFB2D3}.Debug|Any CPU.Build.0 = Debug|Any CPU
		{A797FA9D-288F-440E-A353-062DB4CFB2D3}.Release|Any CPU.ActiveCfg = Release|Any CPU
		{A797FA9D-288F-440E-A353-062DB4CFB2D3}.Release|Any CPU.Build.0 = Release|Any CPU
	EndGlobalSection
EndGlobal
